
Microsoft Visual Studio Solution File, Format Version 12.00
# Visual Studio 2013
VisualStudioVersion = 12.0.40629.0
MinimumVisualStudioVersion = 10.0.40219.1
Project("{FAE04EC0-301F-11D3-BF4B-00C04F79EFBC}") = "Driver", "Driver\Driver\Driver.csproj", "{19AF8D75-B7C6-4D1B-BE37-B56470CE59A0}"
EndProject
Project("{FAE04EC0-301F-11D3-BF4B-00C04F79EFBC}") = "Wpf3DPrint", "MainUI\Wpf3DPrint\Wpf3DPrint.csproj", "{A93AE5EA-C3B0-4A58-9284-CF6A092E9009}"
	ProjectSection(ProjectDependencies) = postProject
		{678322B7-FC08-4E1B-911E-4205650A725F} = {678322B7-FC08-4E1B-911E-4205650A725F}
	EndProjectSection
EndProject
Project("{8BC9CEB8-8B4A-11D0-8D11-00A0C91BC942}") = "OCCTProxy_D3D", "ReadFile\stpReader\OCCTProxy_D3D\OCCTProxy_D3D.vcxproj", "{969912D9-78E7-4AB8-B4FF-6B52B4F03991}"
EndProject
Project("{8BC9CEB8-8B4A-11D0-8D11-00A0C91BC942}") = "SliceDisplay", "Display\SliceDisplay\SliceDisplay.vcxproj", "{678322B7-FC08-4E1B-911E-4205650A725F}"
EndProject
Global
	GlobalSection(SolutionConfigurationPlatforms) = preSolution
		Debug|Any CPU = Debug|Any CPU
		Debug|ARM = Debug|ARM
		Debug|x64 = Debug|x64
		Debug|x86 = Debug|x86
		Release_x86|Any CPU = Release_x86|Any CPU
		Release_x86|ARM = Release_x86|ARM
		Release_x86|x64 = Release_x86|x64
		Release_x86|x86 = Release_x86|x86
		Release|Any CPU = Release|Any CPU
		Release|ARM = Release|ARM
		Release|x64 = Release|x64
		Release|x86 = Release|x86
	EndGlobalSection
	GlobalSection(ProjectConfigurationPlatforms) = postSolution
		{19AF8D75-B7C6-4D1B-BE37-B56470CE59A0}.Debug|Any CPU.ActiveCfg = Debug|Any CPU
		{19AF8D75-B7C6-4D1B-BE37-B56470CE59A0}.Debug|Any CPU.Build.0 = Debug|Any CPU
		{19AF8D75-B7C6-4D1B-BE37-B56470CE59A0}.Debug|ARM.ActiveCfg = Debug|Any CPU
		{19AF8D75-B7C6-4D1B-BE37-B56470CE59A0}.Debug|ARM.Build.0 = Debug|Any CPU
		{19AF8D75-B7C6-4D1B-BE37-B56470CE59A0}.Debug|x64.ActiveCfg = Debug|Any CPU
		{19AF8D75-B7C6-4D1B-BE37-B56470CE59A0}.Debug|x64.Build.0 = Debug|Any CPU
		{19AF8D75-B7C6-4D1B-BE37-B56470CE59A0}.Debug|x86.ActiveCfg = Debug|Any CPU
		{19AF8D75-B7C6-4D1B-BE37-B56470CE59A0}.Debug|x86.Build.0 = Debug|Any CPU
		{19AF8D75-B7C6-4D1B-BE37-B56470CE59A0}.Release_x86|Any CPU.ActiveCfg = Release_x86|Any CPU
		{19AF8D75-B7C6-4D1B-BE37-B56470CE59A0}.Release_x86|Any CPU.Build.0 = Release_x86|Any CPU
		{19AF8D75-B7C6-4D1B-BE37-B56470CE59A0}.Release_x86|ARM.ActiveCfg = Release_x86|Any CPU
		{19AF8D75-B7C6-4D1B-BE37-B56470CE59A0}.Release_x86|ARM.Build.0 = Release_x86|Any CPU
		{19AF8D75-B7C6-4D1B-BE37-B56470CE59A0}.Release_x86|x64.ActiveCfg = Release_x86|Any CPU
		{19AF8D75-B7C6-4D1B-BE37-B56470CE59A0}.Release_x86|x64.Build.0 = Release_x86|Any CPU
		{19AF8D75-B7C6-4D1B-BE37-B56470CE59A0}.Release_x86|x86.ActiveCfg = Release_x86|Any CPU
		{19AF8D75-B7C6-4D1B-BE37-B56470CE59A0}.Release_x86|x86.Build.0 = Release_x86|Any CPU
		{19AF8D75-B7C6-4D1B-BE37-B56470CE59A0}.Release|Any CPU.ActiveCfg = Release|Any CPU
		{19AF8D75-B7C6-4D1B-BE37-B56470CE59A0}.Release|Any CPU.Build.0 = Release|Any CPU
		{19AF8D75-B7C6-4D1B-BE37-B56470CE59A0}.Release|ARM.ActiveCfg = Release|Any CPU
		{19AF8D75-B7C6-4D1B-BE37-B56470CE59A0}.Release|ARM.Build.0 = Release|Any CPU
		{19AF8D75-B7C6-4D1B-BE37-B56470CE59A0}.Release|x64.ActiveCfg = Release|Any CPU
		{19AF8D75-B7C6-4D1B-BE37-B56470CE59A0}.Release|x64.Build.0 = Release|Any CPU
		{19AF8D75-B7C6-4D1B-BE37-B56470CE59A0}.Release|x86.ActiveCfg = Release|Any CPU
		{19AF8D75-B7C6-4D1B-BE37-B56470CE59A0}.Release|x86.Build.0 = Release|Any CPU
		{A93AE5EA-C3B0-4A58-9284-CF6A092E9009}.Debug|Any CPU.ActiveCfg = Debug|Any CPU
		{A93AE5EA-C3B0-4A58-9284-CF6A092E9009}.Debug|Any CPU.Build.0 = Debug|Any CPU
		{A93AE5EA-C3B0-4A58-9284-CF6A092E9009}.Debug|ARM.ActiveCfg = Debug|Any CPU
		{A93AE5EA-C3B0-4A58-9284-CF6A092E9009}.Debug|ARM.Build.0 = Debug|Any CPU
		{A93AE5EA-C3B0-4A58-9284-CF6A092E9009}.Debug|x64.ActiveCfg = Debug|Any CPU
		{A93AE5EA-C3B0-4A58-9284-CF6A092E9009}.Debug|x64.Build.0 = Debug|Any CPU
		{A93AE5EA-C3B0-4A58-9284-CF6A092E9009}.Debug|x86.ActiveCfg = Debug|Any CPU
		{A93AE5EA-C3B0-4A58-9284-CF6A092E9009}.Debug|x86.Build.0 = Debug|Any CPU
		{A93AE5EA-C3B0-4A58-9284-CF6A092E9009}.Release_x86|Any CPU.ActiveCfg = Release|Any CPU
		{A93AE5EA-C3B0-4A58-9284-CF6A092E9009}.Release_x86|Any CPU.Build.0 = Release|Any CPU
		{A93AE5EA-C3B0-4A58-9284-CF6A092E9009}.Release_x86|ARM.ActiveCfg = Release|Any CPU
		{A93AE5EA-C3B0-4A58-9284-CF6A092E9009}.Release_x86|ARM.Build.0 = Release|Any CPU
		{A93AE5EA-C3B0-4A58-9284-CF6A092E9009}.Release_x86|x64.ActiveCfg = Release|Any CPU
		{A93AE5EA-C3B0-4A58-9284-CF6A092E9009}.Release_x86|x64.Build.0 = Release|Any CPU
		{A93AE5EA-C3B0-4A58-9284-CF6A092E9009}.Release_x86|x86.ActiveCfg = Release|Any CPU
		{A93AE5EA-C3B0-4A58-9284-CF6A092E9009}.Release_x86|x86.Build.0 = Release|Any CPU
		{A93AE5EA-C3B0-4A58-9284-CF6A092E9009}.Release|Any CPU.ActiveCfg = Release|Any CPU
		{A93AE5EA-C3B0-4A58-9284-CF6A092E9009}.Release|Any CPU.Build.0 = Release|Any CPU
		{A93AE5EA-C3B0-4A58-9284-CF6A092E9009}.Release|ARM.ActiveCfg = Release|Any CPU
		{A93AE5EA-C3B0-4A58-9284-CF6A092E9009}.Release|ARM.Build.0 = Release|Any CPU
		{A93AE5EA-C3B0-4A58-9284-CF6A092E9009}.Release|x64.ActiveCfg = Release|Any CPU
		{A93AE5EA-C3B0-4A58-9284-CF6A092E9009}.Release|x64.Build.0 = Release|Any CPU
		{A93AE5EA-C3B0-4A58-9284-CF6A092E9009}.Release|x86.ActiveCfg = Release|Any CPU
		{A93AE5EA-C3B0-4A58-9284-CF6A092E9009}.Release|x86.Build.0 = Release|Any CPU
		{969912D9-78E7-4AB8-B4FF-6B52B4F03991}.Debug|Any CPU.ActiveCfg = Debug|Win32
		{969912D9-78E7-4AB8-B4FF-6B52B4F03991}.Debug|ARM.ActiveCfg = Debug|Win32
		{969912D9-78E7-4AB8-B4FF-6B52B4F03991}.Debug|x64.ActiveCfg = Debug|x64
		{969912D9-78E7-4AB8-B4FF-6B52B4F03991}.Debug|x64.Build.0 = Debug|x64
		{969912D9-78E7-4AB8-B4FF-6B52B4F03991}.Debug|x86.ActiveCfg = Debug|Win32
		{969912D9-78E7-4AB8-B4FF-6B52B4F03991}.Debug|x86.Build.0 = Debug|Win32
		{969912D9-78E7-4AB8-B4FF-6B52B4F03991}.Release_x86|Any CPU.ActiveCfg = Release|x64
		{969912D9-78E7-4AB8-B4FF-6B52B4F03991}.Release_x86|Any CPU.Build.0 = Release|x64
		{969912D9-78E7-4AB8-B4FF-6B52B4F03991}.Release_x86|ARM.ActiveCfg = Release|x64
		{969912D9-78E7-4AB8-B4FF-6B52B4F03991}.Release_x86|ARM.Build.0 = Release|x64
		{969912D9-78E7-4AB8-B4FF-6B52B4F03991}.Release_x86|x64.ActiveCfg = Release|x64
		{969912D9-78E7-4AB8-B4FF-6B52B4F03991}.Release_x86|x64.Build.0 = Release|x64
		{969912D9-78E7-4AB8-B4FF-6B52B4F03991}.Release_x86|x86.ActiveCfg = Release|Win32
		{969912D9-78E7-4AB8-B4FF-6B52B4F03991}.Release_x86|x86.Build.0 = Release|Win32
		{969912D9-78E7-4AB8-B4FF-6B52B4F03991}.Release|Any CPU.ActiveCfg = Release|Win32
		{969912D9-78E7-4AB8-B4FF-6B52B4F03991}.Release|ARM.ActiveCfg = Release|Win32
		{969912D9-78E7-4AB8-B4FF-6B52B4F03991}.Release|x64.ActiveCfg = Release|x64
		{969912D9-78E7-4AB8-B4FF-6B52B4F03991}.Release|x64.Build.0 = Release|x64
		{969912D9-78E7-4AB8-B4FF-6B52B4F03991}.Release|x86.ActiveCfg = Release|Win32
		{969912D9-78E7-4AB8-B4FF-6B52B4F03991}.Release|x86.Build.0 = Release|Win32
		{678322B7-FC08-4E1B-911E-4205650A725F}.Debug|Any CPU.ActiveCfg = Debug|Win32
		{678322B7-FC08-4E1B-911E-4205650A725F}.Debug|ARM.ActiveCfg = Debug|Win32
		{678322B7-FC08-4E1B-911E-4205650A725F}.Debug|x64.ActiveCfg = Debug|x64
		{678322B7-FC08-4E1B-911E-4205650A725F}.Debug|x64.Build.0 = Debug|x64
		{678322B7-FC08-4E1B-911E-4205650A725F}.Debug|x86.ActiveCfg = Debug|Win32
		{678322B7-FC08-4E1B-911E-4205650A725F}.Debug|x86.Build.0 = Debug|Win32
		{678322B7-FC08-4E1B-911E-4205650A725F}.Release_x86|Any CPU.ActiveCfg = Release|x64
		{678322B7-FC08-4E1B-911E-4205650A725F}.Release_x86|Any CPU.Build.0 = Release|x64
		{678322B7-FC08-4E1B-911E-4205650A725F}.Release_x86|ARM.ActiveCfg = Release|x64
		{678322B7-FC08-4E1B-911E-4205650A725F}.Release_x86|ARM.Build.0 = Release|x64
		{678322B7-FC08-4E1B-911E-4205650A725F}.Release_x86|x64.ActiveCfg = Release|x64
		{678322B7-FC08-4E1B-911E-4205650A725F}.Release_x86|x64.Build.0 = Release|x64
		{678322B7-FC08-4E1B-911E-4205650A725F}.Release_x86|x86.ActiveCfg = Release|Win32
		{678322B7-FC08-4E1B-911E-4205650A725F}.Release_x86|x86.Build.0 = Release|Win32
		{678322B7-FC08-4E1B-911E-4205650A725F}.Release|Any CPU.ActiveCfg = Release|Win32
		{678322B7-FC08-4E1B-911E-4205650A725F}.Release|ARM.ActiveCfg = Release|Win32
		{678322B7-FC08-4E1B-911E-4205650A725F}.Release|x64.ActiveCfg = Release|x64
		{678322B7-FC08-4E1B-911E-4205650A725F}.Release|x64.Build.0 = Release|x64
		{678322B7-FC08-4E1B-911E-4205650A725F}.Release|x86.ActiveCfg = Release|Win32
		{678322B7-FC08-4E1B-911E-4205650A725F}.Release|x86.Build.0 = Release|Win32
	EndGlobalSection
	GlobalSection(SolutionProperties) = preSolution
		HideSolutionNode = FALSE
	EndGlobalSection
EndGlobal
